// !$*UTF8*$!
{
	archiveVersion = 1;
	classes = {
	};
	objectVersion = 52;
	objects = {

/* Begin PBXBuildFile section */
		D34318802656390F0020C155 /* AppDelegate.swift in Sources */ = {isa = PBXBuildFile; fileRef = D343187F2656390F0020C155 /* AppDelegate.swift */; };
		D34318822656390F0020C155 /* SceneDelegate.swift in Sources */ = {isa = PBXBuildFile; fileRef = D34318812656390F0020C155 /* SceneDelegate.swift */; };
		D34318842656390F0020C155 /* ViewController.swift in Sources */ = {isa = PBXBuildFile; fileRef = D34318832656390F0020C155 /* ViewController.swift */; };
		D34318872656390F0020C155 /* Main.storyboard in Resources */ = {isa = PBXBuildFile; fileRef = D34318852656390F0020C155 /* Main.storyboard */; };
		D3431889265639100020C155 /* Assets.xcassets in Resources */ = {isa = PBXBuildFile; fileRef = D3431888265639100020C155 /* Assets.xcassets */; };
		D343188C265639100020C155 /* LaunchScreen.storyboard in Resources */ = {isa = PBXBuildFile; fileRef = D343188A265639100020C155 /* LaunchScreen.storyboard */; };
		D34318952656448F0020C155 /* EasyFirebaseSwift in Frameworks */ = {isa = PBXBuildFile; productRef = D34318942656448F0020C155 /* EasyFirebaseSwift */; };
/* End PBXBuildFile section */

/* Begin PBXFileReference section */
		D343187C2656390F0020C155 /* SpmConfigurationExamination.app */ = {isa = PBXFileReference; explicitFileType = wrapper.application; includeInIndex = 0; path = SpmConfigurationExamination.app; sourceTree = BUILT_PRODUCTS_DIR; };
		D343187F2656390F0020C155 /* AppDelegate.swift */ = {isa = PBXFileReference; lastKnownFileType = sourcecode.swift; path = AppDelegate.swift; sourceTree = "<group>"; };
		D34318812656390F0020C155 /* SceneDelegate.swift */ = {isa = PBXFileReference; lastKnownFileType = sourcecode.swift; path = SceneDelegate.swift; sourceTree = "<group>"; };
		D34318832656390F0020C155 /* ViewController.swift */ = {isa = PBXFileReference; lastKnownFileType = sourcecode.swift; path = ViewController.swift; sourceTree = "<group>"; };
		D34318862656390F0020C155 /* Base */ = {isa = PBXFileReference; lastKnownFileType = file.storyboard; name = Base; path = Base.lproj/Main.storyboard; sourceTree = "<group>"; };
		D3431888265639100020C155 /* Assets.xcassets */ = {isa = PBXFileReference; lastKnownFileType = folder.assetcatalog; path = Assets.xcassets; sourceTree = "<group>"; };
		D343188B265639100020C155 /* Base */ = {isa = PBXFileReference; lastKnownFileType = file.storyboard; name = Base; path = Base.lproj/LaunchScreen.storyboard; sourceTree = "<group>"; };
		D343188D265639100020C155 /* Info.plist */ = {isa = PBXFileReference; lastKnownFileType = text.plist.xml; path = Info.plist; sourceTree = "<group>"; };
/* End PBXFileReference section */

/* Begin PBXFrameworksBuildPhase section */
		D34318792656390F0020C155 /* Frameworks */ = {
			isa = PBXFrameworksBuildPhase;
			buildActionMask = 2147483647;
			files = (
				D34318952656448F0020C155 /* EasyFirebaseSwift in Frameworks */,
			);
			runOnlyForDeploymentPostprocessing = 0;
		};
/* End PBXFrameworksBuildPhase section */

/* Begin PBXGroup section */
		D34318732656390F0020C155 = {
			isa = PBXGroup;
			children = (
				D343187E2656390F0020C155 /* SpmConfigurationExamination */,
				D343187D2656390F0020C155 /* Products */,
			);
			sourceTree = "<group>";
		};
		D343187D2656390F0020C155 /* Products */ = {
			isa = PBXGroup;
			children = (
				D343187C2656390F0020C155 /* SpmConfigurationExamination.app */,
			);
			name = Products;
			sourceTree = "<group>";
		};
		D343187E2656390F0020C155 /* SpmConfigurationExamination */ = {
			isa = PBXGroup;
			children = (
				D343187F2656390F0020C155 /* AppDelegate.swift */,
				D34318812656390F0020C155 /* SceneDelegate.swift */,
				D34318832656390F0020C155 /* ViewController.swift */,
				D34318852656390F0020C155 /* Main.storyboard */,
				D3431888265639100020C155 /* Assets.xcassets */,
				D343188A265639100020C155 /* LaunchScreen.storyboard */,
				D343188D265639100020C155 /* Info.plist */,
			);
			path = SpmConfigurationExamination;
			sourceTree = "<group>";
		};
/* End PBXGroup section */

/* Begin PBXNativeTarget section */
		D343187B2656390F0020C155 /* SpmConfigurationExamination */ = {
			isa = PBXNativeTarget;
			buildConfigurationList = D3431890265639100020C155 /* Build configuration list for PBXNativeTarget "SpmConfigurationExamination" */;
			buildPhases = (
				D34318782656390F0020C155 /* Sources */,
				D34318792656390F0020C155 /* Frameworks */,
				D343187A2656390F0020C155 /* Resources */,
			);
			buildRules = (
			);
			dependencies = (
			);
			name = SpmConfigurationExamination;
			packageProductDependencies = (
				D34318942656448F0020C155 /* EasyFirebaseSwift */,
			);
			productName = SpmConfigurationExamination;
			productReference = D343187C2656390F0020C155 /* SpmConfigurationExamination.app */;
			productType = "com.apple.product-type.application";
		};
/* End PBXNativeTarget section */

/* Begin PBXProject section */
		D34318742656390F0020C155 /* Project object */ = {
			isa = PBXProject;
			attributes = {
				LastSwiftUpdateCheck = 1250;
				LastUpgradeCheck = 1250;
				TargetAttributes = {
					D343187B2656390F0020C155 = {
						CreatedOnToolsVersion = 12.5;
					};
				};
			};
			buildConfigurationList = D34318772656390F0020C155 /* Build configuration list for PBXProject "SpmConfigurationExamination" */;
			compatibilityVersion = "Xcode 9.3";
			developmentRegion = en;
			hasScannedForEncodings = 0;
			knownRegions = (
				en,
				Base,
			);
			mainGroup = D34318732656390F0020C155;
			packageReferences = (
				D34318932656448F0020C155 /* XCRemoteSwiftPackageReference "EasyFirebaseSwift" */,
			);
			productRefGroup = D343187D2656390F0020C155 /* Products */;
			projectDirPath = "";
			projectRoot = "";
			targets = (
				D343187B2656390F0020C155 /* SpmConfigurationExamination */,
			);
		};
/* End PBXProject section */

/* Begin PBXResourcesBuildPhase section */
		D343187A2656390F0020C155 /* Resources */ = {
			isa = PBXResourcesBuildPhase;
			buildActionMask = 2147483647;
			files = (
				D343188C265639100020C155 /* LaunchScreen.storyboard in Resources */,
				D3431889265639100020C155 /* Assets.xcassets in Resources */,
				D34318872656390F0020C155 /* Main.storyboard in Resources */,
			);
			runOnlyForDeploymentPostprocessing = 0;
		};
/* End PBXResourcesBuildPhase section */

/* Begin PBXSourcesBuildPhase section */
		D34318782656390F0020C155 /* Sources */ = {
			isa = PBXSourcesBuildPhase;
			buildActionMask = 2147483647;
			files = (
				D34318842656390F0020C155 /* ViewController.swift in Sources */,
				D34318802656390F0020C155 /* AppDelegate.swift in Sources */,
				D34318822656390F0020C155 /* SceneDelegate.swift in Sources */,
			);
			runOnlyForDeploymentPostprocessing = 0;
		};
/* End PBXSourcesBuildPhase section */

/* Begin PBXVariantGroup section */
		D34318852656390F0020C155 /* Main.storyboard */ = {
			isa = PBXVariantGroup;
			children = (
				D34318862656390F0020C155 /* Base */,
			);
			name = Main.storyboard;
			sourceTree = "<group>";
		};
		D343188A265639100020C155 /* LaunchScreen.storyboard */ = {
			isa = PBXVariantGroup;
			children = (
				D343188B265639100020C155 /* Base */,
			);
			name = LaunchScreen.storyboard;
			sourceTree = "<group>";
		};
/* End PBXVariantGroup section */

/* Begin XCBuildConfiguration section */
		D343188E265639100020C155 /* Debug */ = {
			isa = XCBuildConfiguration;
			buildSettings = {
				ALWAYS_SEARCH_USER_PATHS = NO;
				CLANG_ANALYZER_NONNULL = YES;
				CLANG_ANALYZER_NUMBER_OBJECT_CONVERSION = YES_AGGRESSIVE;
				CLANG_CXX_LANGUAGE_STANDARD = "gnu++14";
				CLANG_CXX_LIBRARY = "libc++";
				CLANG_ENABLE_MODULES = YES;
				CLANG_ENABLE_OBJC_ARC = YES;
				CLANG_ENABLE_OBJC_WEAK = YES;
				CLANG_WARN_BLOCK_CAPTURE_AUTORELEASING = YES;
				CLANG_WARN_BOOL_CONVERSION = YES;
				CLANG_WARN_COMMA = YES;
				CLANG_WARN_CONSTANT_CONVERSION = YES;
				CLANG_WARN_DEPRECATED_OBJC_IMPLEMENTATIONS = YES;
				CLANG_WARN_DIRECT_OBJC_ISA_USAGE = YES_ERROR;
				CLANG_WARN_DOCUMENTATION_COMMENTS = YES;
				CLANG_WARN_EMPTY_BODY = YES;
				CLANG_WARN_ENUM_CONVERSION = YES;
				CLANG_WARN_INFINITE_RECURSION = YES;
				CLANG_WARN_INT_CONVERSION = YES;
				CLANG_WARN_NON_LITERAL_NULL_CONVERSION = YES;
				CLANG_WARN_OBJC_IMPLICIT_RETAIN_SELF = YES;
				CLANG_WARN_OBJC_LITERAL_CONVERSION = YES;
				CLANG_WARN_OBJC_ROOT_CLASS = YES_ERROR;
				CLANG_WARN_QUOTED_INCLUDE_IN_FRAMEWORK_HEADER = YES;
				CLANG_WARN_RANGE_LOOP_ANALYSIS = YES;
				CLANG_WARN_STRICT_PROTOTYPES = YES;
				CLANG_WARN_SUSPICIOUS_MOVE = YES;
				CLANG_WARN_UNGUARDED_AVAILABILITY = YES_AGGRESSIVE;
				CLANG_WARN_UNREACHABLE_CODE = YES;
				CLANG_WARN__DUPLICATE_METHOD_MATCH = YES;
				COPY_PHASE_STRIP = NO;
				DEBUG_INFORMATION_FORMAT = dwarf;
				ENABLE_STRICT_OBJC_MSGSEND = YES;
				ENABLE_TESTABILITY = YES;
				GCC_C_LANGUAGE_STANDARD = gnu11;
				GCC_DYNAMIC_NO_PIC = NO;
				GCC_NO_COMMON_BLOCKS = YES;
				GCC_OPTIMIZATION_LEVEL = 0;
				GCC_PREPROCESSOR_DEFINITIONS = (
					"DEBUG=1",
					"$(inherited)",
				);
				GCC_WARN_64_TO_32_BIT_CONVERSION = YES;
				GCC_WARN_ABOUT_RETURN_TYPE = YES_ERROR;
				GCC_WARN_UNDECLARED_SELECTOR = YES;
				GCC_WARN_UNINITIALIZED_AUTOS = YES_AGGRESSIVE;
				GCC_WARN_UNUSED_FUNCTION = YES;
				GCC_WARN_UNUSED_VARIABLE = YES;
				IPHONEOS_DEPLOYMENT_TARGET = 14.5;
				MTL_ENABLE_DEBUG_INFO = INCLUDE_SOURCE;
				MTL_FAST_MATH = YES;
				ONLY_ACTIVE_ARCH = YES;
				SDKROOT = iphoneos;
				SWIFT_ACTIVE_COMPILATION_CONDITIONS = DEBUG;
				SWIFT_OPTIMIZATION_LEVEL = "-Onone";
			};
			name = Debug;
		};
		D343188F265639100020C155 /* Release */ = {
			isa = XCBuildConfiguration;
			buildSettings = {
				ALWAYS_SEARCH_USER_PATHS = NO;
				CLANG_ANALYZER_NONNULL = YES;
				CLANG_ANALYZER_NUMBER_OBJECT_CONVERSION = YES_AGGRESSIVE;
				CLANG_CXX_LANGUAGE_STANDARD = "gnu++14";
				CLANG_CXX_LIBRARY = "libc++";
				CLANG_ENABLE_MODULES = YES;
				CLANG_ENABLE_OBJC_ARC = YES;
				CLANG_ENABLE_OBJC_WEAK = YES;
				CLANG_WARN_BLOCK_CAPTURE_AUTORELEASING = YES;
				CLANG_WARN_BOOL_CONVERSION = YES;
				CLANG_WARN_COMMA = YES;
				CLANG_WARN_CONSTANT_CONVERSION = YES;
				CLANG_WARN_DEPRECATED_OBJC_IMPLEMENTATIONS = YES;
				CLANG_WARN_DIRECT_OBJC_ISA_USAGE = YES_ERROR;
				CLANG_WARN_DOCUMENTATION_COMMENTS = YES;
				CLANG_WARN_EMPTY_BODY = YES;
				CLANG_WARN_ENUM_CONVERSION = YES;
				CLANG_WARN_INFINITE_RECURSION = YES;
				CLANG_WARN_INT_CONVERSION = YES;
				CLANG_WARN_NON_LITERAL_NULL_CONVERSION = YES;
				CLANG_WARN_OBJC_IMPLICIT_RETAIN_SELF = YES;
				CLANG_WARN_OBJC_LITERAL_CONVERSION = YES;
				CLANG_WARN_OBJC_ROOT_CLASS = YES_ERROR;
				CLANG_WARN_QUOTED_INCLUDE_IN_FRAMEWORK_HEADER = YES;
				CLANG_WARN_RANGE_LOOP_ANALYSIS = YES;
				CLANG_WARN_STRICT_PROTOTYPES = YES;
				CLANG_WARN_SUSPICIOUS_MOVE = YES;
				CLANG_WARN_UNGUARDED_AVAILABILITY = YES_AGGRESSIVE;
				CLANG_WARN_UNREACHABLE_CODE = YES;
				CLANG_WARN__DUPLICATE_METHOD_MATCH = YES;
				COPY_PHASE_STRIP = NO;
				DEBUG_INFORMATION_FORMAT = "dwarf-with-dsym";
				ENABLE_NS_ASSERTIONS = NO;
				ENABLE_STRICT_OBJC_MSGSEND = YES;
				GCC_C_LANGUAGE_STANDARD = gnu11;
				GCC_NO_COMMON_BLOCKS = YES;
				GCC_WARN_64_TO_32_BIT_CONVERSION = YES;
				GCC_WARN_ABOUT_RETURN_TYPE = YES_ERROR;
				GCC_WARN_UNDECLARED_SELECTOR = YES;
				GCC_WARN_UNINITIALIZED_AUTOS = YES_AGGRESSIVE;
				GCC_WARN_UNUSED_FUNCTION = YES;
				GCC_WARN_UNUSED_VARIABLE = YES;
				IPHONEOS_DEPLOYMENT_TARGET = 14.5;
				MTL_ENABLE_DEBUG_INFO = NO;
				MTL_FAST_MATH = YES;
				SDKROOT = iphoneos;
				SWIFT_COMPILATION_MODE = wholemodule;
				SWIFT_OPTIMIZATION_LEVEL = "-O";
				VALIDATE_PRODUCT = YES;
			};
			name = Release;
		};
		D3431891265639100020C155 /* Debug */ = {
			isa = XCBuildConfiguration;
			buildSettings = {
				ASSETCATALOG_COMPILER_APPICON_NAME = AppIcon;
				ASSETCATALOG_COMPILER_GLOBAL_ACCENT_COLOR_NAME = AccentColor;
				CODE_SIGN_STYLE = Automatic;
				DEVELOPMENT_TEAM = 2X6AD4W323;
				INFOPLIST_FILE = SpmConfigurationExamination/Info.plist;
				LD_RUNPATH_SEARCH_PATHS = (
					"$(inherited)",
					"@executable_path/Frameworks",
				);
				PRODUCT_BUNDLE_IDENTIFIER = dev.fummicc1.lit.SpmConfigurationExamination;
				PRODUCT_NAME = "$(TARGET_NAME)";
				SWIFT_VERSION = 5.0;
				TARGETED_DEVICE_FAMILY = "1,2";
			};
			name = Debug;
		};
		D3431892265639100020C155 /* Release */ = {
			isa = XCBuildConfiguration;
			buildSettings = {
				ASSETCATALOG_COMPILER_APPICON_NAME = AppIcon;
				ASSETCATALOG_COMPILER_GLOBAL_ACCENT_COLOR_NAME = AccentColor;
				CODE_SIGN_STYLE = Automatic;
				DEVELOPMENT_TEAM = 2X6AD4W323;
				INFOPLIST_FILE = SpmConfigurationExamination/Info.plist;
				LD_RUNPATH_SEARCH_PATHS = (
					"$(inherited)",
					"@executable_path/Frameworks",
				);
				PRODUCT_BUNDLE_IDENTIFIER = dev.fummicc1.lit.SpmConfigurationExamination;
				PRODUCT_NAME = "$(TARGET_NAME)";
				SWIFT_VERSION = 5.0;
				TARGETED_DEVICE_FAMILY = "1,2";
			};
			name = Release;
		};
/* End XCBuildConfiguration section */

/* Begin XCConfigurationList section */
		D34318772656390F0020C155 /* Build configuration list for PBXProject "SpmConfigurationExamination" */ = {
			isa = XCConfigurationList;
			buildConfigurations = (
				D343188E265639100020C155 /* Debug */,
				D343188F265639100020C155 /* Release */,
			);
			defaultConfigurationIsVisible = 0;
			defaultConfigurationName = Release;
		};
		D3431890265639100020C155 /* Build configuration list for PBXNativeTarget "SpmConfigurationExamination" */ = {
			isa = XCConfigurationList;
			buildConfigurations = (
				D3431891265639100020C155 /* Debug */,
				D3431892265639100020C155 /* Release */,
			);
			defaultConfigurationIsVisible = 0;
			defaultConfigurationName = Release;
		};
/* End XCConfigurationList section */

/* Begin XCRemoteSwiftPackageReference section */
		D34318932656448F0020C155 /* XCRemoteSwiftPackageReference "EasyFirebaseSwift" */ = {
			isa = XCRemoteSwiftPackageReference;
			repositoryURL = "https://github.com/fummicc1/EasyFirebaseSwift";
			requirement = {
				kind = upToNextMajorVersion;
				minimumVersion = 1.2.0;
			};
		};
/* End XCRemoteSwiftPackageReference section */

/* Begin XCSwiftPackageProductDependency section */
		D34318942656448F0020C155 /* EasyFirebaseSwift */ = {
			isa = XCSwiftPackageProductDependency;
			package = D34318932656448F0020C155 /* XCRemoteSwiftPackageReference "EasyFirebaseSwift" */;
			productName = EasyFirebaseSwift;
		};
/* End XCSwiftPackageProductDependency section */
	};
	rootObject = D34318742656390F0020C155 /* Project object */;
}
